{
  "name": "challenges-js-2022",
  "lockfileVersion": 2,
  "requires": true,
  "packages": {
    "": {
      "dependencies": {
        "yield": "^0.0.6-8"
      }
    },
    "node_modules/yield": {
      "version": "0.0.6-8",
      "resolved": "https://registry.npmjs.org/yield/-/yield-0.0.6-8.tgz",
      "integrity": "sha1-5n4zxiJdHYPEUXWC3uQmnW0ASfA="
    }
  },
  "dependencies": {
    "yield": {
      "version": "0.0.6-8",
      "resolved": "https://registry.npmjs.org/yield/-/yield-0.0.6-8.tgz",
      "integrity": "sha1-5n4zxiJdHYPEUXWC3uQmnW0ASfA="
    }
  }
}
